
Microsoft Visual Studio Solution File, Format Version 12.00
# Visual Studio 2013
VisualStudioVersion = 12.0.30110.0
MinimumVisualStudioVersion = 10.0.40219.1
Project("{2150E333-8FDC-42A3-9474-1A3956D46DE8}") = ".nuget", ".nuget", "{7CA782D3-4776-42AB-98F1-75F91F5A60B7}"
	ProjectSection(SolutionItems) = preProject
		.nuget\NuGet.Config = .nuget\NuGet.Config
		.nuget\NuGet.exe = .nuget\NuGet.exe
		.nuget\NuGet.targets = .nuget\NuGet.targets
	EndProjectSection
EndProject
Project("{FAE04EC0-301F-11D3-BF4B-00C04F79EFBC}") = "Yalib", "Yalib\Yalib.csproj", "{4E61C286-B7EF-4CF0-8493-8082A6AEBDAD}"
EndProject
Project("{FAE04EC0-301F-11D3-BF4B-00C04F79EFBC}") = "Yalib.Data", "Yalib.Data\Yalib.Data.csproj", "{464006AA-60AC-47BA-8278-C6E62272A024}"
EndProject
Project("{FAE04EC0-301F-11D3-BF4B-00C04F79EFBC}") = "Yalib.Drawing", "Yalib.Drawing\Yalib.Drawing.csproj", "{1D03A581-F75F-44C6-8F14-1DE0D27FB60A}"
EndProject
Project("{FAE04EC0-301F-11D3-BF4B-00C04F79EFBC}") = "Yalib.Geodesy", "Yalib.Geodesy\Yalib.Geodesy.csproj", "{BC820182-F216-43C9-B70E-B73A3754787B}"
EndProject
Project("{FAE04EC0-301F-11D3-BF4B-00C04F79EFBC}") = "Yalib.Web", "Yalib.Web\Yalib.Web.csproj", "{3CD18AA4-F26D-4937-89B4-61D99C69B5CB}"
EndProject
Project("{FAE04EC0-301F-11D3-BF4B-00C04F79EFBC}") = "Yalib.Web.Mvc", "Yalib.Web.Mvc\Yalib.Web.Mvc.csproj", "{EC203AB1-32B4-47BD-953B-2B4DC3FB958B}"
EndProject
Project("{FAE04EC0-301F-11D3-BF4B-00C04F79EFBC}") = "Test.Yalib", "Test.Yalib\Test.Yalib.csproj", "{92A758D4-B875-4971-87AB-B51F582A617F}"
EndProject
Project("{FAE04EC0-301F-11D3-BF4B-00C04F79EFBC}") = "Test.Yalib.Web", "Test.Yalib.Web\Test.Yalib.Web.csproj", "{CF905BB1-FAC5-432C-A318-86BFC711290C}"
EndProject
Global
	GlobalSection(SolutionConfigurationPlatforms) = preSolution
		Debug|Any CPU = Debug|Any CPU
		Release|Any CPU = Release|Any CPU
	EndGlobalSection
	GlobalSection(ProjectConfigurationPlatforms) = postSolution
		{4E61C286-B7EF-4CF0-8493-8082A6AEBDAD}.Debug|Any CPU.ActiveCfg = Debug|Any CPU
		{4E61C286-B7EF-4CF0-8493-8082A6AEBDAD}.Debug|Any CPU.Build.0 = Debug|Any CPU
		{4E61C286-B7EF-4CF0-8493-8082A6AEBDAD}.Release|Any CPU.ActiveCfg = Release|Any CPU
		{4E61C286-B7EF-4CF0-8493-8082A6AEBDAD}.Release|Any CPU.Build.0 = Release|Any CPU
		{464006AA-60AC-47BA-8278-C6E62272A024}.Debug|Any CPU.ActiveCfg = Debug|Any CPU
		{464006AA-60AC-47BA-8278-C6E62272A024}.Debug|Any CPU.Build.0 = Debug|Any CPU
		{464006AA-60AC-47BA-8278-C6E62272A024}.Release|Any CPU.ActiveCfg = Release|Any CPU
		{464006AA-60AC-47BA-8278-C6E62272A024}.Release|Any CPU.Build.0 = Release|Any CPU
		{1D03A581-F75F-44C6-8F14-1DE0D27FB60A}.Debug|Any CPU.ActiveCfg = Debug|Any CPU
		{1D03A581-F75F-44C6-8F14-1DE0D27FB60A}.Debug|Any CPU.Build.0 = Debug|Any CPU
		{1D03A581-F75F-44C6-8F14-1DE0D27FB60A}.Release|Any CPU.ActiveCfg = Release|Any CPU
		{1D03A581-F75F-44C6-8F14-1DE0D27FB60A}.Release|Any CPU.Build.0 = Release|Any CPU
		{BC820182-F216-43C9-B70E-B73A3754787B}.Debug|Any CPU.ActiveCfg = Debug|Any CPU
		{BC820182-F216-43C9-B70E-B73A3754787B}.Debug|Any CPU.Build.0 = Debug|Any CPU
		{BC820182-F216-43C9-B70E-B73A3754787B}.Release|Any CPU.ActiveCfg = Release|Any CPU
		{BC820182-F216-43C9-B70E-B73A3754787B}.Release|Any CPU.Build.0 = Release|Any CPU
		{3CD18AA4-F26D-4937-89B4-61D99C69B5CB}.Debug|Any CPU.ActiveCfg = Debug|Any CPU
		{3CD18AA4-F26D-4937-89B4-61D99C69B5CB}.Debug|Any CPU.Build.0 = Debug|Any CPU
		{3CD18AA4-F26D-4937-89B4-61D99C69B5CB}.Release|Any CPU.ActiveCfg = Release|Any CPU
		{3CD18AA4-F26D-4937-89B4-61D99C69B5CB}.Release|Any CPU.Build.0 = Release|Any CPU
		{EC203AB1-32B4-47BD-953B-2B4DC3FB958B}.Debug|Any CPU.ActiveCfg = Debug|Any CPU
		{EC203AB1-32B4-47BD-953B-2B4DC3FB958B}.Debug|Any CPU.Build.0 = Debug|Any CPU
		{EC203AB1-32B4-47BD-953B-2B4DC3FB958B}.Release|Any CPU.ActiveCfg = Release|Any CPU
		{EC203AB1-32B4-47BD-953B-2B4DC3FB958B}.Release|Any CPU.Build.0 = Release|Any CPU
		{92A758D4-B875-4971-87AB-B51F582A617F}.Debug|Any CPU.ActiveCfg = Debug|Any CPU
		{92A758D4-B875-4971-87AB-B51F582A617F}.Debug|Any CPU.Build.0 = Debug|Any CPU
		{92A758D4-B875-4971-87AB-B51F582A617F}.Release|Any CPU.ActiveCfg = Release|Any CPU
		{92A758D4-B875-4971-87AB-B51F582A617F}.Release|Any CPU.Build.0 = Release|Any CPU
		{CF905BB1-FAC5-432C-A318-86BFC711290C}.Debug|Any CPU.ActiveCfg = Debug|Any CPU
		{CF905BB1-FAC5-432C-A318-86BFC711290C}.Debug|Any CPU.Build.0 = Debug|Any CPU
		{CF905BB1-FAC5-432C-A318-86BFC711290C}.Release|Any CPU.ActiveCfg = Release|Any CPU
		{CF905BB1-FAC5-432C-A318-86BFC711290C}.Release|Any CPU.Build.0 = Release|Any CPU
	EndGlobalSection
	GlobalSection(SolutionProperties) = preSolution
		HideSolutionNode = FALSE
	EndGlobalSection
EndGlobal
